
Microsoft Visual Studio Solution File, Format Version 10.00
# Visual Studio 2008
Project("{8BC9CEB8-8B4A-11D0-8D11-00A0C91BC942}") = "Command", "Command\Command.vcproj", "{514FEAE8-8B9F-4685-BB8C-A81FDE5703DB}"
EndProject
Global
	GlobalSection(SolutionConfigurationPlatforms) = preSolution
		Debug|Win32 = Debug|Win32
		Release|Win32 = Release|Win32
	EndGlobalSection
	GlobalSection(ProjectConfigurationPlatforms) = postSolution
		{514FEAE8-8B9F-4685-BB8C-A81FDE5703DB}.Debug|Win32.ActiveCfg = Debug|Win32
		{514FEAE8-8B9F-4685-BB8C-A81FDE5703DB}.Debug|Win32.Build.0 = Debug|Win32
		{514FEAE8-8B9F-4685-BB8C-A81FDE5703DB}.Release|Win32.ActiveCfg = Release|Win32
		{514FEAE8-8B9F-4685-BB8C-A81FDE5703DB}.Release|Win32.Build.0 = Release|Win32
	EndGlobalSection
	GlobalSection(SolutionProperties) = preSolution
		HideSolutionNode = FALSE
	EndGlobalSection
EndGlobal
